
Microsoft Visual Studio Solution File, Format Version 12.00
# Visual Studio Version 17
VisualStudioVersion = 17.7.34024.191
MinimumVisualStudioVersion = 10.0.40219.1
Project("{9A19103F-16F7-4668-BE54-9A1E7A4F7556}") = "ResponsiveWebApp", "ResponsiveWebApp.csproj", "{FDC75F50-A44E-4443-A78D-4CD01BF1878D}"
EndProject
Project("{FAE04EC0-301F-11D3-BF4B-00C04F79EFBC}") = "ResponsiveWebAppUnitTests", "..\ResponsiveWebAppUnitTests\ResponsiveWebAppUnitTests.csproj", "{EA99DDDC-1F99-4BD8-92F7-62BFFF39492C}"
EndProject
Global
	GlobalSection(SolutionConfigurationPlatforms) = preSolution
		Debug|Any CPU = Debug|Any CPU
		Release|Any CPU = Release|Any CPU
	EndGlobalSection
	GlobalSection(ProjectConfigurationPlatforms) = postSolution
		{FDC75F50-A44E-4443-A78D-4CD01BF1878D}.Debug|Any CPU.ActiveCfg = Debug|Any CPU
		{FDC75F50-A44E-4443-A78D-4CD01BF1878D}.Debug|Any CPU.Build.0 = Debug|Any CPU
		{FDC75F50-A44E-4443-A78D-4CD01BF1878D}.Release|Any CPU.ActiveCfg = Release|Any CPU
		{FDC75F50-A44E-4443-A78D-4CD01BF1878D}.Release|Any CPU.Build.0 = Release|Any CPU
		{EA99DDDC-1F99-4BD8-92F7-62BFFF39492C}.Debug|Any CPU.ActiveCfg = Debug|Any CPU
		{EA99DDDC-1F99-4BD8-92F7-62BFFF39492C}.Debug|Any CPU.Build.0 = Debug|Any CPU
		{EA99DDDC-1F99-4BD8-92F7-62BFFF39492C}.Release|Any CPU.ActiveCfg = Release|Any CPU
		{EA99DDDC-1F99-4BD8-92F7-62BFFF39492C}.Release|Any CPU.Build.0 = Release|Any CPU
	EndGlobalSection
	GlobalSection(SolutionProperties) = preSolution
		HideSolutionNode = FALSE
	EndGlobalSection
	GlobalSection(ExtensibilityGlobals) = postSolution
		SolutionGuid = {0D60FFAC-FE50-4F24-AC73-18AF7A111662}
	EndGlobalSection
EndGlobal
